{
  "name": "my-node-ts-utils",
  "version": "1.0.1",
  "lockfileVersion": 2,
  "requires": true,
  "packages": {
    "": {
      "name": "my-node-ts-utils",
      "version": "1.0.1",
      "license": "ISC",
      "dependencies": {
        "just-flatten": "^1.0.0",
        "just-flatten-it": "^5.1.2",
        "just-is-empty": "^3.2.1",
        "just-merge": "^3.1.1",
        "just-omit": "^2.1.2",
        "just-pick": "^4.1.1",
        "uuid": "^9.0.0"
      },
      "devDependencies": {
        "@types/uuid": "^8.3.4",
        "typescript": "^4.8.3"
      }
    },
    "node_modules/@types/uuid": {
      "version": "8.3.4",
      "resolved": "https://registry.npmjs.org/@types/uuid/-/uuid-8.3.4.tgz",
      "integrity": "sha512-c/I8ZRb51j+pYGAu5CrFMRxqZ2ke4y2grEBO5AUjgSkSk+qT2Ea+OdWElz/OiMf5MNpn2b17kuVBwZLQJXzihw==",
      "dev": true
    },
    "node_modules/just-flatten": {
      "version": "1.0.0",
      "resolved": "https://registry.npmjs.org/just-flatten/-/just-flatten-1.0.0.tgz",
      "integrity": "sha512-BXIPhC+Zmr4Hg04wueix8PdoFyr/VSKymJBMOGDtkeZ+4LPX82Y1v082DJ91OzGTynI5t4RtA1hfdC+mLIrJeA=="
    },
    "node_modules/just-flatten-it": {
      "version": "5.1.2",
      "resolved": "https://registry.npmjs.org/just-flatten-it/-/just-flatten-it-5.1.2.tgz",
      "integrity": "sha512-cAebqZVZBuOqyO/IJ07cEAQ8vORfN87XlNJ6KAdeuT6TZVsVVgJD43udsG2+pwE30SUbfWvI0M201m2GajtjvA=="
    },
    "node_modules/just-is-empty": {
      "version": "3.2.1",
      "resolved": "https://registry.npmjs.org/just-is-empty/-/just-is-empty-3.2.1.tgz",
      "integrity": "sha512-Es/0J1qVNmcT2O5TR4jQNc4R6kHl438BQJjyEsuXnQEQlix6gSmPU+JWbZDSSgN8hNBCoYpxCp2chls6iCtjhg=="
    },
    "node_modules/just-merge": {
      "version": "3.1.1",
      "resolved": "https://registry.npmjs.org/just-merge/-/just-merge-3.1.1.tgz",
      "integrity": "sha512-q0VS9owVgV9BcD2cy+E8MB8sIYpqmGAhoAGHH2PHtGwkC0CoITB8FJPMTg38GDO20cuaEGsR8SxCb+kf+g3G2Q=="
    },
    "node_modules/just-omit": {
      "version": "2.1.2",
      "resolved": "https://registry.npmjs.org/just-omit/-/just-omit-2.1.2.tgz",
      "integrity": "sha512-50yOnZxS4sXuG3hDO3YbVoKL6TYKcx6qtmFen5EwjD4Z7Szrc1Xjt5KKxU1GFfX705oSZ6jc3BVh23b9kiStiw=="
    },
    "node_modules/just-pick": {
      "version": "4.1.1",
      "resolved": "https://registry.npmjs.org/just-pick/-/just-pick-4.1.1.tgz",
      "integrity": "sha512-pR6Sl3F0SbaBsp/F3jzwB/2soeAvUB3l5KzJYiMh2h0vl7qbkKW9cP6rh6A2SS2QuzKiXYL+nvaHzeNH2pnScg=="
    },
    "node_modules/typescript": {
      "version": "4.8.3",
      "resolved": "https://registry.npmjs.org/typescript/-/typescript-4.8.3.tgz",
      "integrity": "sha512-goMHfm00nWPa8UvR/CPSvykqf6dVV8x/dp0c5mFTMTIu0u0FlGWRioyy7Nn0PGAdHxpJZnuO/ut+PpQ8UiHAig==",
      "dev": true,
      "bin": {
        "tsc": "bin/tsc",
        "tsserver": "bin/tsserver"
      },
      "engines": {
        "node": ">=4.2.0"
      }
    },
    "node_modules/uuid": {
      "version": "9.0.0",
      "resolved": "https://registry.npmjs.org/uuid/-/uuid-9.0.0.tgz",
      "integrity": "sha512-MXcSTerfPa4uqyzStbRoTgt5XIe3x5+42+q1sDuy3R5MDk66URdLMOZe5aPX/SQd+kuYAh0FdP/pO28IkQyTeg==",
      "bin": {
        "uuid": "dist/bin/uuid"
      }
    }
  },
  "dependencies": {
    "@types/uuid": {
      "version": "8.3.4",
      "resolved": "https://registry.npmjs.org/@types/uuid/-/uuid-8.3.4.tgz",
      "integrity": "sha512-c/I8ZRb51j+pYGAu5CrFMRxqZ2ke4y2grEBO5AUjgSkSk+qT2Ea+OdWElz/OiMf5MNpn2b17kuVBwZLQJXzihw==",
      "dev": true
    },
    "just-flatten": {
      "version": "1.0.0",
      "resolved": "https://registry.npmjs.org/just-flatten/-/just-flatten-1.0.0.tgz",
      "integrity": "sha512-BXIPhC+Zmr4Hg04wueix8PdoFyr/VSKymJBMOGDtkeZ+4LPX82Y1v082DJ91OzGTynI5t4RtA1hfdC+mLIrJeA=="
    },
    "just-flatten-it": {
      "version": "5.1.2",
      "resolved": "https://registry.npmjs.org/just-flatten-it/-/just-flatten-it-5.1.2.tgz",
      "integrity": "sha512-cAebqZVZBuOqyO/IJ07cEAQ8vORfN87XlNJ6KAdeuT6TZVsVVgJD43udsG2+pwE30SUbfWvI0M201m2GajtjvA=="
    },
    "just-is-empty": {
      "version": "3.2.1",
      "resolved": "https://registry.npmjs.org/just-is-empty/-/just-is-empty-3.2.1.tgz",
      "integrity": "sha512-Es/0J1qVNmcT2O5TR4jQNc4R6kHl438BQJjyEsuXnQEQlix6gSmPU+JWbZDSSgN8hNBCoYpxCp2chls6iCtjhg=="
    },
    "just-merge": {
      "version": "3.1.1",
      "resolved": "https://registry.npmjs.org/just-merge/-/just-merge-3.1.1.tgz",
      "integrity": "sha512-q0VS9owVgV9BcD2cy+E8MB8sIYpqmGAhoAGHH2PHtGwkC0CoITB8FJPMTg38GDO20cuaEGsR8SxCb+kf+g3G2Q=="
    },
    "just-omit": {
      "version": "2.1.2",
      "resolved": "https://registry.npmjs.org/just-omit/-/just-omit-2.1.2.tgz",
      "integrity": "sha512-50yOnZxS4sXuG3hDO3YbVoKL6TYKcx6qtmFen5EwjD4Z7Szrc1Xjt5KKxU1GFfX705oSZ6jc3BVh23b9kiStiw=="
    },
    "just-pick": {
      "version": "4.1.1",
      "resolved": "https://registry.npmjs.org/just-pick/-/just-pick-4.1.1.tgz",
      "integrity": "sha512-pR6Sl3F0SbaBsp/F3jzwB/2soeAvUB3l5KzJYiMh2h0vl7qbkKW9cP6rh6A2SS2QuzKiXYL+nvaHzeNH2pnScg=="
    },
    "typescript": {
      "version": "4.8.3",
      "resolved": "https://registry.npmjs.org/typescript/-/typescript-4.8.3.tgz",
      "integrity": "sha512-goMHfm00nWPa8UvR/CPSvykqf6dVV8x/dp0c5mFTMTIu0u0FlGWRioyy7Nn0PGAdHxpJZnuO/ut+PpQ8UiHAig==",
      "dev": true
    },
    "uuid": {
      "version": "9.0.0",
      "resolved": "https://registry.npmjs.org/uuid/-/uuid-9.0.0.tgz",
      "integrity": "sha512-MXcSTerfPa4uqyzStbRoTgt5XIe3x5+42+q1sDuy3R5MDk66URdLMOZe5aPX/SQd+kuYAh0FdP/pO28IkQyTeg=="
    }
  }
}
